
Microsoft Visual Studio Solution File, Format Version 12.00
# Visual Studio Version 16
VisualStudioVersion = 16.0.31424.327
MinimumVisualStudioVersion = 10.0.40219.1
Project("{FAE04EC0-301F-11D3-BF4B-00C04F79EFBC}") = "DonationBank", "DonationBank.csproj", "{02325301-8C23-4029-9225-EF43830709BC}"
EndProject
Global
	GlobalSection(SolutionConfigurationPlatforms) = preSolution
		Debug|Any CPU = Debug|Any CPU
		Release|Any CPU = Release|Any CPU
	EndGlobalSection
	GlobalSection(ProjectConfigurationPlatforms) = postSolution
		{02325301-8C23-4029-9225-EF43830709BC}.Debug|Any CPU.ActiveCfg = Debug|Any CPU
		{02325301-8C23-4029-9225-EF43830709BC}.Debug|Any CPU.Build.0 = Debug|Any CPU
		{02325301-8C23-4029-9225-EF43830709BC}.Release|Any CPU.ActiveCfg = Release|Any CPU
		{02325301-8C23-4029-9225-EF43830709BC}.Release|Any CPU.Build.0 = Release|Any CPU
	EndGlobalSection
	GlobalSection(SolutionProperties) = preSolution
		HideSolutionNode = FALSE
	EndGlobalSection
	GlobalSection(ExtensibilityGlobals) = postSolution
		SolutionGuid = {14808110-8389-4C29-986C-4A5A74C5B776}
	EndGlobalSection
EndGlobal
